annotated-types==0.8.0
certifi==2026.7.22
charset-normalizer==3.5.1
dateparser==1.4.3
deepseek-harness-runtime-bin==0.1.5rc1
deepseek-harness-sdk==0.1.5rc1
docker==7.2.0
idna==3.20
iniconfig==2.3.0
linkify-it-py==2.2.0
markdown-it-py==4.2.0
mdit-py-plugins==0.6.1
mdurl==0.1.2
packaging==26.3
platformdirs==4.11.13
pluggy==1.6.0
psutil==7.2.2
pydantic==2.13.5
pydantic_core==2.46.5
pyfiglet==1.0.4
Pygments==2.21.0
pytest==9.1.1
python-dateutil==2.9.0.post0
python-dotenv==1.2.3
pytz==2026.4
PyYAML==6.0.3
regex==2026.9.10
requests==2.34.2
rich==15.0.0
sentry-sdk==2.70.0
six==1.17.0
textual==8.2.8
typing-inspection==0.4.4
typing_extensions==4.16.0
tzlocal==5.4.4
urllib3==2.8.0
